// !$*UTF8*$!
{
	archiveVersion = 1;
	classes = {
	};
	objectVersion = 46;
	objects = {

/* Begin PBXBuildFile section */
		5613A1B91C0755FD00C3E096 /* SubmenuViewController.swift in Sources */ = {isa = PBXBuildFile; fileRef = 5613A1B81C0755FD00C3E096 /* SubmenuViewController.swift */; };
		56290B0C1BF9FE3A0095BC3D /* IAIndexViewController.swift in Sources */ = {isa = PBXBuildFile; fileRef = 56290B0B1BF9FE3A0095BC3D /* IAIndexViewController.swift */; };
		56290B0E1BFA24C00095BC3D /* HistoryViewController.swift in Sources */ = {isa = PBXBuildFile; fileRef = 56290B0D1BFA24C00095BC3D /* HistoryViewController.swift */; };
		56290B101BFA26B20095BC3D /* HistoryListCell.swift in Sources */ = {isa = PBXBuildFile; fileRef = 56290B0F1BFA26B20095BC3D /* HistoryListCell.swift */; };
		56290B121BFA30360095BC3D /* SettingsListCell.swift in Sources */ = {isa = PBXBuildFile; fileRef = 56290B111BFA30360095BC3D /* SettingsListCell.swift */; };
		56290B141BFA31750095BC3D /* ScanHostViewController.swift in Sources */ = {isa = PBXBuildFile; fileRef = 56290B131BFA31750095BC3D /* ScanHostViewController.swift */; };
		56290B161BFA32C90095BC3D /* SettingsViewController.swift in Sources */ = {isa = PBXBuildFile; fileRef = 56290B151BFA32C90095BC3D /* SettingsViewController.swift */; };
		56290B1A1BFA37EF0095BC3D /* AutoscanSettingsTable.swift in Sources */ = {isa = PBXBuildFile; fileRef = 56290B191BFA37EF0095BC3D /* AutoscanSettingsTable.swift */; };
		56320EBF1BFCB06F0076CB7A /* Enum.swift in Sources */ = {isa = PBXBuildFile; fileRef = 56320EBB1BFCB06F0076CB7A /* Enum.swift */; };
		56320EC01BFCB06F0076CB7A /* FontAwesome.otf in Resources */ = {isa = PBXBuildFile; fileRef = 56320EBD1BFCB06F0076CB7A /* FontAwesome.otf */; };
		56320EC11BFCB06F0076CB7A /* FontAwesome.swift in Sources */ = {isa = PBXBuildFile; fileRef = 56320EBE1BFCB06F0076CB7A /* FontAwesome.swift */; };
		563984F51C04B77000A5CA39 /* VulnerabilitiesViewController.swift in Sources */ = {isa = PBXBuildFile; fileRef = 563984F41C04B77000A5CA39 /* VulnerabilitiesViewController.swift */; };
		563984F71C04B7D200A5CA39 /* VulnerabilityListCell.swift in Sources */ = {isa = PBXBuildFile; fileRef = 563984F61C04B7D200A5CA39 /* VulnerabilityListCell.swift */; };
		5663E10D1BF4DD690069C0DE /* AppDelegate.swift in Sources */ = {isa = PBXBuildFile; fileRef = 5663E10C1BF4DD690069C0DE /* AppDelegate.swift */; };
		5663E10F1BF4DD690069C0DE /* LoginViewController.swift in Sources */ = {isa = PBXBuildFile; fileRef = 5663E10E1BF4DD690069C0DE /* LoginViewController.swift */; };
		5663E1121BF4DD690069C0DE /* Main.storyboard in Resources */ = {isa = PBXBuildFile; fileRef = 5663E1101BF4DD690069C0DE /* Main.storyboard */; };
		5663E1141BF4DD690069C0DE /* Assets.xcassets in Resources */ = {isa = PBXBuildFile; fileRef = 5663E1131BF4DD690069C0DE /* Assets.xcassets */; };
		5663E1171BF4DD690069C0DE /* LaunchScreen.storyboard in Resources */ = {isa = PBXBuildFile; fileRef = 5663E1151BF4DD690069C0DE /* LaunchScreen.storyboard */; };
		5663E1221BF4DD690069C0DE /* Meerkat_Networks_ClientTests.swift in Sources */ = {isa = PBXBuildFile; fileRef = 5663E1211BF4DD690069C0DE /* Meerkat_Networks_ClientTests.swift */; };
		5663E12D1BF4DD690069C0DE /* Meerkat_Networks_ClientUITests.swift in Sources */ = {isa = PBXBuildFile; fileRef = 5663E12C1BF4DD690069C0DE /* Meerkat_Networks_ClientUITests.swift */; };
		5663E13E1BF4E2800069C0DE /* HostListCell.swift in Sources */ = {isa = PBXBuildFile; fileRef = 5663E13D1BF4E2800069C0DE /* HostListCell.swift */; };
		56C0687E1C032B080091D9E6 /* SheduleViewController.swift in Sources */ = {isa = PBXBuildFile; fileRef = 56C0687D1C032B080091D9E6 /* SheduleViewController.swift */; };
		56C068801C0379840091D9E6 /* ComponentsViewController.swift in Sources */ = {isa = PBXBuildFile; fileRef = 56C0687F1C0379840091D9E6 /* ComponentsViewController.swift */; };
		56C068821C037A2F0091D9E6 /* ComponentsListCell.swift in Sources */ = {isa = PBXBuildFile; fileRef = 56C068811C037A2F0091D9E6 /* ComponentsListCell.swift */; };
		56C068841C0380B70091D9E6 /* GroupsViewController.swift in Sources */ = {isa = PBXBuildFile; fileRef = 56C068831C0380B70091D9E6 /* GroupsViewController.swift */; };
		56C068881C03813E0091D9E6 /* GroupsListCell.swift in Sources */ = {isa = PBXBuildFile; fileRef = 56C068871C03813E0091D9E6 /* GroupsListCell.swift */; };
		56DA40221BF77E9700FB65D5 /* MenuViewController.swift in Sources */ = {isa = PBXBuildFile; fileRef = 56DA401C1BF77E9700FB65D5 /* MenuViewController.swift */; };
		56DA40231BF77E9700FB65D5 /* RootViewController.swift in Sources */ = {isa = PBXBuildFile; fileRef = 56DA401D1BF77E9700FB65D5 /* RootViewController.swift */; };
		56DA40241BF77E9700FB65D5 /* DLHamburguerContainerViewController.swift in Sources */ = {isa = PBXBuildFile; fileRef = 56DA401E1BF77E9700FB65D5 /* DLHamburguerContainerViewController.swift */; };
		56DA40251BF77E9700FB65D5 /* DLHamburguerNavigationController.swift in Sources */ = {isa = PBXBuildFile; fileRef = 56DA401F1BF77E9700FB65D5 /* DLHamburguerNavigationController.swift */; };
		56DA40261BF77E9700FB65D5 /* DLHamburguerViewController.swift in Sources */ = {isa = PBXBuildFile; fileRef = 56DA40201BF77E9700FB65D5 /* DLHamburguerViewController.swift */; };
		56DA402B1BF78B1D00FB65D5 /* HostListViewController.swift in Sources */ = {isa = PBXBuildFile; fileRef = 56DA402A1BF78B1D00FB65D5 /* HostListViewController.swift */; };
		56DA40351BF79C1B00FB65D5 /* EAIndex.swift in Sources */ = {isa = PBXBuildFile; fileRef = 56DA40341BF79C1B00FB65D5 /* EAIndex.swift */; };
		56E5C3151C084E5300417E6E /* IASettingsViewController.swift in Sources */ = {isa = PBXBuildFile; fileRef = 56E5C3141C084E5300417E6E /* IASettingsViewController.swift */; };
		56EAD1991BFF338C00168CDC /* WeektableCollectionViewCell.swift in Sources */ = {isa = PBXBuildFile; fileRef = 56EAD1981BFF338C00168CDC /* WeektableCollectionViewCell.swift */; };
		56F2FCA91BFE0A4B00F7AC00 /* Enums.swift in Sources */ = {isa = PBXBuildFile; fileRef = 56F2FCA81BFE0A4B00F7AC00 /* Enums.swift */; };
/* End PBXBuildFile section */

/* Begin PBXContainerItemProxy section */
		5663E11E1BF4DD690069C0DE /* PBXContainerItemProxy */ = {
			isa = PBXContainerItemProxy;
			containerPortal = 5663E1011BF4DD690069C0DE /* Project object */;
			proxyType = 1;
			remoteGlobalIDString = 5663E1081BF4DD690069C0DE;
			remoteInfo = "Meerkat Networks Client";
		};
		5663E1291BF4DD690069C0DE /* PBXContainerItemProxy */ = {
			isa = PBXContainerItemProxy;
			containerPortal = 5663E1011BF4DD690069C0DE /* Project object */;
			proxyType = 1;
			remoteGlobalIDString = 5663E1081BF4DD690069C0DE;
			remoteInfo = "Meerkat Networks Client";
		};
/* End PBXContainerItemProxy section */

/* Begin PBXFileReference section */
		5613A1B81C0755FD00C3E096 /* SubmenuViewController.swift */ = {isa = PBXFileReference; fileEncoding = 4; lastKnownFileType = sourcecode.swift; path = SubmenuViewController.swift; sourceTree = "<group>"; };
		56290B0B1BF9FE3A0095BC3D /* IAIndexViewController.swift */ = {isa = PBXFileReference; fileEncoding = 4; lastKnownFileType = sourcecode.swift; path = IAIndexViewController.swift; sourceTree = "<group>"; };
		56290B0D1BFA24C00095BC3D /* HistoryViewController.swift */ = {isa = PBXFileReference; fileEncoding = 4; lastKnownFileType = sourcecode.swift; path = HistoryViewController.swift; sourceTree = "<group>"; };
		56290B0F1BFA26B20095BC3D /* HistoryListCell.swift */ = {isa = PBXFileReference; fileEncoding = 4; lastKnownFileType = sourcecode.swift; path = HistoryListCell.swift; sourceTree = "<group>"; };
		56290B111BFA30360095BC3D /* SettingsListCell.swift */ = {isa = PBXFileReference; fileEncoding = 4; lastKnownFileType = sourcecode.swift; path = SettingsListCell.swift; sourceTree = "<group>"; };
		56290B131BFA31750095BC3D /* ScanHostViewController.swift */ = {isa = PBXFileReference; fileEncoding = 4; lastKnownFileType = sourcecode.swift; path = ScanHostViewController.swift; sourceTree = "<group>"; };
		56290B151BFA32C90095BC3D /* SettingsViewController.swift */ = {isa = PBXFileReference; fileEncoding = 4; lastKnownFileType = sourcecode.swift; path = SettingsViewController.swift; sourceTree = "<group>"; };
		56290B191BFA37EF0095BC3D /* AutoscanSettingsTable.swift */ = {isa = PBXFileReference; fileEncoding = 4; lastKnownFileType = sourcecode.swift; path = AutoscanSettingsTable.swift; sourceTree = "<group>"; };
		56320EBB1BFCB06F0076CB7A /* Enum.swift */ = {isa = PBXFileReference; fileEncoding = 4; lastKnownFileType = sourcecode.swift; path = Enum.swift; sourceTree = "<group>"; };
		56320EBC1BFCB06F0076CB7A /* FontAwesome.h */ = {isa = PBXFileReference; fileEncoding = 4; lastKnownFileType = sourcecode.c.h; path = FontAwesome.h; sourceTree = "<group>"; };
		56320EBD1BFCB06F0076CB7A /* FontAwesome.otf */ = {isa = PBXFileReference; lastKnownFileType = file; path = FontAwesome.otf; sourceTree = "<group>"; };
		56320EBE1BFCB06F0076CB7A /* FontAwesome.swift */ = {isa = PBXFileReference; fileEncoding = 4; lastKnownFileType = sourcecode.swift; path = FontAwesome.swift; sourceTree = "<group>"; };
		563984F41C04B77000A5CA39 /* VulnerabilitiesViewController.swift */ = {isa = PBXFileReference; fileEncoding = 4; lastKnownFileType = sourcecode.swift; path = VulnerabilitiesViewController.swift; sourceTree = "<group>"; };
		563984F61C04B7D200A5CA39 /* VulnerabilityListCell.swift */ = {isa = PBXFileReference; fileEncoding = 4; lastKnownFileType = sourcecode.swift; path = VulnerabilityListCell.swift; sourceTree = "<group>"; };
		5663E1091BF4DD690069C0DE /* Meerkat Networks Client.app */ = {isa = PBXFileReference; explicitFileType = wrapper.application; includeInIndex = 0; path = "Meerkat Networks Client.app"; sourceTree = BUILT_PRODUCTS_DIR; };
		5663E10C1BF4DD690069C0DE /* AppDelegate.swift */ = {isa = PBXFileReference; lastKnownFileType = sourcecode.swift; path = AppDelegate.swift; sourceTree = "<group>"; };
		5663E10E1BF4DD690069C0DE /* LoginViewController.swift */ = {isa = PBXFileReference; lastKnownFileType = sourcecode.swift; path = LoginViewController.swift; sourceTree = "<group>"; };
		5663E1111BF4DD690069C0DE /* Base */ = {isa = PBXFileReference; lastKnownFileType = file.storyboard; name = Base; path = Base.lproj/Main.storyboard; sourceTree = "<group>"; };
		5663E1131BF4DD690069C0DE /* Assets.xcassets */ = {isa = PBXFileReference; lastKnownFileType = folder.assetcatalog; path = Assets.xcassets; sourceTree = "<group>"; };
		5663E1161BF4DD690069C0DE /* Base */ = {isa = PBXFileReference; lastKnownFileType = file.storyboard; name = Base; path = Base.lproj/LaunchScreen.storyboard; sourceTree = "<group>"; };
		5663E1181BF4DD690069C0DE /* Info.plist */ = {isa = PBXFileReference; lastKnownFileType = text.plist.xml; path = Info.plist; sourceTree = "<group>"; };
		5663E11D1BF4DD690069C0DE /* Meerkat Networks ClientTests.xctest */ = {isa = PBXFileReference; explicitFileType = wrapper.cfbundle; includeInIndex = 0; path = "Meerkat Networks ClientTests.xctest"; sourceTree = BUILT_PRODUCTS_DIR; };
		5663E1211BF4DD690069C0DE /* Meerkat_Networks_ClientTests.swift */ = {isa = PBXFileReference; lastKnownFileType = sourcecode.swift; path = Meerkat_Networks_ClientTests.swift; sourceTree = "<group>"; };
		5663E1231BF4DD690069C0DE /* Info.plist */ = {isa = PBXFileReference; lastKnownFileType = text.plist.xml; path = Info.plist; sourceTree = "<group>"; };
		5663E1281BF4DD690069C0DE /* Meerkat Networks ClientUITests.xctest */ = {isa = PBXFileReference; explicitFileType = wrapper.cfbundle; includeInIndex = 0; path = "Meerkat Networks ClientUITests.xctest"; sourceTree = BUILT_PRODUCTS_DIR; };
		5663E12C1BF4DD690069C0DE /* Meerkat_Networks_ClientUITests.swift */ = {isa = PBXFileReference; lastKnownFileType = sourcecode.swift; path = Meerkat_Networks_ClientUITests.swift; sourceTree = "<group>"; };
		5663E12E1BF4DD690069C0DE /* Info.plist */ = {isa = PBXFileReference; lastKnownFileType = text.plist.xml; path = Info.plist; sourceTree = "<group>"; };
		5663E13D1BF4E2800069C0DE /* HostListCell.swift */ = {isa = PBXFileReference; fileEncoding = 4; lastKnownFileType = sourcecode.swift; path = HostListCell.swift; sourceTree = "<group>"; };
		56C0687D1C032B080091D9E6 /* SheduleViewController.swift */ = {isa = PBXFileReference; fileEncoding = 4; lastKnownFileType = sourcecode.swift; path = SheduleViewController.swift; sourceTree = "<group>"; };
		56C0687F1C0379840091D9E6 /* ComponentsViewController.swift */ = {isa = PBXFileReference; fileEncoding = 4; lastKnownFileType = sourcecode.swift; path = ComponentsViewController.swift; sourceTree = "<group>"; };
		56C068811C037A2F0091D9E6 /* ComponentsListCell.swift */ = {isa = PBXFileReference; fileEncoding = 4; lastKnownFileType = sourcecode.swift; path = ComponentsListCell.swift; sourceTree = "<group>"; };
		56C068831C0380B70091D9E6 /* GroupsViewController.swift */ = {isa = PBXFileReference; fileEncoding = 4; lastKnownFileType = sourcecode.swift; path = GroupsViewController.swift; sourceTree = "<group>"; };
		56C068871C03813E0091D9E6 /* GroupsListCell.swift */ = {isa = PBXFileReference; fileEncoding = 4; lastKnownFileType = sourcecode.swift; path = GroupsListCell.swift; sourceTree = "<group>"; };
		56DA401C1BF77E9700FB65D5 /* MenuViewController.swift */ = {isa = PBXFileReference; fileEncoding = 4; lastKnownFileType = sourcecode.swift; path = MenuViewController.swift; sourceTree = "<group>"; };
		56DA401D1BF77E9700FB65D5 /* RootViewController.swift */ = {isa = PBXFileReference; fileEncoding = 4; lastKnownFileType = sourcecode.swift; path = RootViewController.swift; sourceTree = "<group>"; };
		56DA401E1BF77E9700FB65D5 /* DLHamburguerContainerViewController.swift */ = {isa = PBXFileReference; fileEncoding = 4; lastKnownFileType = sourcecode.swift; path = DLHamburguerContainerViewController.swift; sourceTree = "<group>"; };
		56DA401F1BF77E9700FB65D5 /* DLHamburguerNavigationController.swift */ = {isa = PBXFileReference; fileEncoding = 4; lastKnownFileType = sourcecode.swift; path = DLHamburguerNavigationController.swift; sourceTree = "<group>"; };
		56DA40201BF77E9700FB65D5 /* DLHamburguerViewController.swift */ = {isa = PBXFileReference; fileEncoding = 4; lastKnownFileType = sourcecode.swift; path = DLHamburguerViewController.swift; sourceTree = "<group>"; };
		56DA402A1BF78B1D00FB65D5 /* HostListViewController.swift */ = {isa = PBXFileReference; fileEncoding = 4; lastKnownFileType = sourcecode.swift; path = HostListViewController.swift; sourceTree = "<group>"; };
		56DA40341BF79C1B00FB65D5 /* EAIndex.swift */ = {isa = PBXFileReference; fileEncoding = 4; lastKnownFileType = sourcecode.swift; path = EAIndex.swift; sourceTree = "<group>"; };
		56E5C3141C084E5300417E6E /* IASettingsViewController.swift */ = {isa = PBXFileReference; fileEncoding = 4; lastKnownFileType = sourcecode.swift; path = IASettingsViewController.swift; sourceTree = "<group>"; };
		56EAD1981BFF338C00168CDC /* WeektableCollectionViewCell.swift */ = {isa = PBXFileReference; fileEncoding = 4; lastKnownFileType = sourcecode.swift; path = WeektableCollectionViewCell.swift; sourceTree = "<group>"; };
		56F2FCA81BFE0A4B00F7AC00 /* Enums.swift */ = {isa = PBXFileReference; fileEncoding = 4; lastKnownFileType = sourcecode.swift; path = Enums.swift; sourceTree = "<group>"; };
/* End PBXFileReference section */

/* Begin PBXFrameworksBuildPhase section */
		5663E1061BF4DD690069C0DE /* Frameworks */ = {
			isa = PBXFrameworksBuildPhase;
			buildActionMask = 2147483647;
			files = (
			);
			runOnlyForDeploymentPostprocessing = 0;
		};
		5663E11A1BF4DD690069C0DE /* Frameworks */ = {
			isa = PBXFrameworksBuildPhase;
			buildActionMask = 2147483647;
			files = (
			);
			runOnlyForDeploymentPostprocessing = 0;
		};
		5663E1251BF4DD690069C0DE /* Frameworks */ = {
			isa = PBXFrameworksBuildPhase;
			buildActionMask = 2147483647;
			files = (
			);
			runOnlyForDeploymentPostprocessing = 0;
		};
/* End PBXFrameworksBuildPhase section */

/* Begin PBXGroup section */
		56320EB91BFCB04D0076CB7A /* Assets */ = {
			isa = PBXGroup;
			children = (
				56F2FCA81BFE0A4B00F7AC00 /* Enums.swift */,
				56320EBA1BFCB05E0076CB7A /* Font Awesome */,
			);
			name = Assets;
			sourceTree = "<group>";
		};
		56320EBA1BFCB05E0076CB7A /* Font Awesome */ = {
			isa = PBXGroup;
			children = (
				56320EBB1BFCB06F0076CB7A /* Enum.swift */,
				56320EBC1BFCB06F0076CB7A /* FontAwesome.h */,
				56320EBD1BFCB06F0076CB7A /* FontAwesome.otf */,
				56320EBE1BFCB06F0076CB7A /* FontAwesome.swift */,
			);
			name = "Font Awesome";
			sourceTree = "<group>";
		};
		563984F31C04B75400A5CA39 /* Vulnerabilities */ = {
			isa = PBXGroup;
			children = (
				563984F41C04B77000A5CA39 /* VulnerabilitiesViewController.swift */,
				563984F61C04B7D200A5CA39 /* VulnerabilityListCell.swift */,
			);
			name = Vulnerabilities;
			sourceTree = "<group>";
		};
		5663E1001BF4DD690069C0DE = {
			isa = PBXGroup;
			children = (
				5663E10B1BF4DD690069C0DE /* Meerkat Networks Client */,
				5663E1201BF4DD690069C0DE /* Meerkat Networks ClientTests */,
				5663E12B1BF4DD690069C0DE /* Meerkat Networks ClientUITests */,
				5663E10A1BF4DD690069C0DE /* Products */,
			);
			sourceTree = "<group>";
		};
		5663E10A1BF4DD690069C0DE /* Products */ = {
			isa = PBXGroup;
			children = (
				5663E1091BF4DD690069C0DE /* Meerkat Networks Client.app */,
				5663E11D1BF4DD690069C0DE /* Meerkat Networks ClientTests.xctest */,
				5663E1281BF4DD690069C0DE /* Meerkat Networks ClientUITests.xctest */,
			);
			name = Products;
			sourceTree = "<group>";
		};
		5663E10B1BF4DD690069C0DE /* Meerkat Networks Client */ = {
			isa = PBXGroup;
			children = (
				56320EB91BFCB04D0076CB7A /* Assets */,
				56DA40281BF77EB000FB65D5 /* Menu */,
				56DA40271BF77E9F00FB65D5 /* Login */,
				56DA401A1BF77E1600FB65D5 /* Home */,
				56DA402C1BF78FB000FB65D5 /* External Audit */,
				56DA402D1BF78FC500FB65D5 /* Internal Audit */,
				56DA40361BF79C5500FB65D5 /* Web Security */,
				56DA40371BF79C6200FB65D5 /* Database Security */,
				56DA40381BF79C6B00FB65D5 /* Monitoring */,
				56DA40391BF79C7400FB65D5 /* Support */,
				56DA403A1BF79C7E00FB65D5 /* Settings */,
				56DA403B1BF79C8D00FB65D5 /* API */,
				5663E1131BF4DD690069C0DE /* Assets.xcassets */,
				5663E1101BF4DD690069C0DE /* Main.storyboard */,
				5663E10C1BF4DD690069C0DE /* AppDelegate.swift */,
				5663E1181BF4DD690069C0DE /* Info.plist */,
				5663E1151BF4DD690069C0DE /* LaunchScreen.storyboard */,
			);
			path = "Meerkat Networks Client";
			sourceTree = "<group>";
		};
		5663E1201BF4DD690069C0DE /* Meerkat Networks ClientTests */ = {
			isa = PBXGroup;
			children = (
				5663E1211BF4DD690069C0DE /* Meerkat_Networks_ClientTests.swift */,
				5663E1231BF4DD690069C0DE /* Info.plist */,
			);
			path = "Meerkat Networks ClientTests";
			sourceTree = "<group>";
		};
		5663E12B1BF4DD690069C0DE /* Meerkat Networks ClientUITests */ = {
			isa = PBXGroup;
			children = (
				5663E12C1BF4DD690069C0DE /* Meerkat_Networks_ClientUITests.swift */,
				5663E12E1BF4DD690069C0DE /* Info.plist */,
			);
			path = "Meerkat Networks ClientUITests";
			sourceTree = "<group>";
		};
		56C068851C03811D0091D9E6 /* Components */ = {
			isa = PBXGroup;
			children = (
				5613A1B81C0755FD00C3E096 /* SubmenuViewController.swift */,
				56C0687F1C0379840091D9E6 /* ComponentsViewController.swift */,
				56C068811C037A2F0091D9E6 /* ComponentsListCell.swift */,
			);
			name = Components;
			sourceTree = "<group>";
		};
		56C068861C0381260091D9E6 /* Groups */ = {
			isa = PBXGroup;
			children = (
				56C068831C0380B70091D9E6 /* GroupsViewController.swift */,
				56C068871C03813E0091D9E6 /* GroupsListCell.swift */,
			);
			name = Groups;
			sourceTree = "<group>";
		};
		56DA401A1BF77E1600FB65D5 /* Home */ = {
			isa = PBXGroup;
			children = (
				56DA401D1BF77E9700FB65D5 /* RootViewController.swift */,
				56DA402A1BF78B1D00FB65D5 /* HostListViewController.swift */,
				5663E13D1BF4E2800069C0DE /* HostListCell.swift */,
			);
			name = Home;
			sourceTree = "<group>";
		};
		56DA40271BF77E9F00FB65D5 /* Login */ = {
			isa = PBXGroup;
			children = (
				5663E10E1BF4DD690069C0DE /* LoginViewController.swift */,
			);
			name = Login;
			sourceTree = "<group>";
		};
		56DA40281BF77EB000FB65D5 /* Menu */ = {
			isa = PBXGroup;
			children = (
				56DA401C1BF77E9700FB65D5 /* MenuViewController.swift */,
				56DA401E1BF77E9700FB65D5 /* DLHamburguerContainerViewController.swift */,
				56DA401F1BF77E9700FB65D5 /* DLHamburguerNavigationController.swift */,
				56DA40201BF77E9700FB65D5 /* DLHamburguerViewController.swift */,
			);
			name = Menu;
			sourceTree = "<group>";
		};
		56DA402C1BF78FB000FB65D5 /* External Audit */ = {
			isa = PBXGroup;
			children = (
				56DA40341BF79C1B00FB65D5 /* EAIndex.swift */,
				56EAD1971BFF193600168CDC /* Scan Host */,
				56F2FCCB1BFE1E3600F7AC00 /* Settings */,
				56F2FCAA1BFE14E100F7AC00 /* History */,
			);
			name = "External Audit";
			sourceTree = "<group>";
		};
		56DA402D1BF78FC500FB65D5 /* Internal Audit */ = {
			isa = PBXGroup;
			children = (
				56E5C3141C084E5300417E6E /* IASettingsViewController.swift */,
				563984F31C04B75400A5CA39 /* Vulnerabilities */,
				56C068851C03811D0091D9E6 /* Components */,
				56C068861C0381260091D9E6 /* Groups */,
				56290B0B1BF9FE3A0095BC3D /* IAIndexViewController.swift */,
			);
			name = "Internal Audit";
			sourceTree = "<group>";
		};
		56DA40361BF79C5500FB65D5 /* Web Security */ = {
			isa = PBXGroup;
			children = (
			);
			name = "Web Security";
			sourceTree = "<group>";
		};
		56DA40371BF79C6200FB65D5 /* Database Security */ = {
			isa = PBXGroup;
			children = (
			);
			name = "Database Security";
			sourceTree = "<group>";
		};
		56DA40381BF79C6B00FB65D5 /* Monitoring */ = {
			isa = PBXGroup;
			children = (
			);
			name = Monitoring;
			sourceTree = "<group>";
		};
		56DA40391BF79C7400FB65D5 /* Support */ = {
			isa = PBXGroup;
			children = (
			);
			name = Support;
			sourceTree = "<group>";
		};
		56DA403A1BF79C7E00FB65D5 /* Settings */ = {
			isa = PBXGroup;
			children = (
			);
			name = Settings;
			sourceTree = "<group>";
		};
		56DA403B1BF79C8D00FB65D5 /* API */ = {
			isa = PBXGroup;
			children = (
			);
			name = API;
			path = ..;
			sourceTree = "<group>";
		};
		56EAD1971BFF193600168CDC /* Scan Host */ = {
			isa = PBXGroup;
			children = (
				56290B131BFA31750095BC3D /* ScanHostViewController.swift */,
			);
			name = "Scan Host";
			sourceTree = "<group>";
		};
		56EAD19A1BFF33F200168CDC /* Weektable */ = {
			isa = PBXGroup;
			children = (
				56290B191BFA37EF0095BC3D /* AutoscanSettingsTable.swift */,
				56EAD1981BFF338C00168CDC /* WeektableCollectionViewCell.swift */,
			);
			name = Weektable;
			sourceTree = "<group>";
		};
		56EAD19B1BFF33FF00168CDC /* Schedule */ = {
			isa = PBXGroup;
			children = (
				56C0687D1C032B080091D9E6 /* SheduleViewController.swift */,
			);
			name = Schedule;
			sourceTree = "<group>";
		};
		56F2FCAA1BFE14E100F7AC00 /* History */ = {
			isa = PBXGroup;
			children = (
				56290B0D1BFA24C00095BC3D /* HistoryViewController.swift */,
				56290B0F1BFA26B20095BC3D /* HistoryListCell.swift */,
			);
			name = History;
			sourceTree = "<group>";
		};
		56F2FCCB1BFE1E3600F7AC00 /* Settings */ = {
			isa = PBXGroup;
			children = (
				56EAD19B1BFF33FF00168CDC /* Schedule */,
				56EAD19A1BFF33F200168CDC /* Weektable */,
				56290B151BFA32C90095BC3D /* SettingsViewController.swift */,
				56290B111BFA30360095BC3D /* SettingsListCell.swift */,
			);
			name = Settings;
			sourceTree = "<group>";
		};
/* End PBXGroup section */

/* Begin PBXNativeTarget section */
		5663E1081BF4DD690069C0DE /* Meerkat Networks Client */ = {
			isa = PBXNativeTarget;
			buildConfigurationList = 5663E1311BF4DD690069C0DE /* Build configuration list for PBXNativeTarget "Meerkat Networks Client" */;
			buildPhases = (
				5663E1051BF4DD690069C0DE /* Sources */,
				5663E1061BF4DD690069C0DE /* Frameworks */,
				5663E1071BF4DD690069C0DE /* Resources */,
			);
			buildRules = (
			);
			dependencies = (
			);
			name = "Meerkat Networks Client";
			productName = "Meerkat Networks Client";
			productReference = 5663E1091BF4DD690069C0DE /* Meerkat Networks Client.app */;
			productType = "com.apple.product-type.application";
		};
		5663E11C1BF4DD690069C0DE /* Meerkat Networks ClientTests */ = {
			isa = PBXNativeTarget;
			buildConfigurationList = 5663E1341BF4DD690069C0DE /* Build configuration list for PBXNativeTarget "Meerkat Networks ClientTests" */;
			buildPhases = (
				5663E1191BF4DD690069C0DE /* Sources */,
				5663E11A1BF4DD690069C0DE /* Frameworks */,
				5663E11B1BF4DD690069C0DE /* Resources */,
			);
			buildRules = (
			);
			dependencies = (
				5663E11F1BF4DD690069C0DE /* PBXTargetDependency */,
			);
			name = "Meerkat Networks ClientTests";
			productName = "Meerkat Networks ClientTests";
			productReference = 5663E11D1BF4DD690069C0DE /* Meerkat Networks ClientTests.xctest */;
			productType = "com.apple.product-type.bundle.unit-test";
		};
		5663E1271BF4DD690069C0DE /* Meerkat Networks ClientUITests */ = {
			isa = PBXNativeTarget;
			buildConfigurationList = 5663E1371BF4DD690069C0DE /* Build configuration list for PBXNativeTarget "Meerkat Networks ClientUITests" */;
			buildPhases = (
				5663E1241BF4DD690069C0DE /* Sources */,
				5663E1251BF4DD690069C0DE /* Frameworks */,
				5663E1261BF4DD690069C0DE /* Resources */,
			);
			buildRules = (
			);
			dependencies = (
				5663E12A1BF4DD690069C0DE /* PBXTargetDependency */,
			);
			name = "Meerkat Networks ClientUITests";
			productName = "Meerkat Networks ClientUITests";
			productReference = 5663E1281BF4DD690069C0DE /* Meerkat Networks ClientUITests.xctest */;
			productType = "com.apple.product-type.bundle.ui-testing";
		};
/* End PBXNativeTarget section */

/* Begin PBXProject section */
		5663E1011BF4DD690069C0DE /* Project object */ = {
			isa = PBXProject;
			attributes = {
				LastSwiftUpdateCheck = 0710;
				LastUpgradeCheck = 0710;
				ORGANIZATIONNAME = "Meerkat Networks";
				TargetAttributes = {
					5663E1081BF4DD690069C0DE = {
						CreatedOnToolsVersion = 7.1.1;
					};
					5663E11C1BF4DD690069C0DE = {
						CreatedOnToolsVersion = 7.1.1;
						TestTargetID = 5663E1081BF4DD690069C0DE;
					};
					5663E1271BF4DD690069C0DE = {
						CreatedOnToolsVersion = 7.1.1;
						TestTargetID = 5663E1081BF4DD690069C0DE;
					};
				};
			};
			buildConfigurationList = 5663E1041BF4DD690069C0DE /* Build configuration list for PBXProject "Meerkat Networks Client" */;
			compatibilityVersion = "Xcode 3.2";
			developmentRegion = English;
			hasScannedForEncodings = 0;
			knownRegions = (
				en,
				Base,
			);
			mainGroup = 5663E1001BF4DD690069C0DE;
			productRefGroup = 5663E10A1BF4DD690069C0DE /* Products */;
			projectDirPath = "";
			projectRoot = "";
			targets = (
				5663E1081BF4DD690069C0DE /* Meerkat Networks Client */,
				5663E11C1BF4DD690069C0DE /* Meerkat Networks ClientTests */,
				5663E1271BF4DD690069C0DE /* Meerkat Networks ClientUITests */,
			);
		};
/* End PBXProject section */

/* Begin PBXResourcesBuildPhase section */
		5663E1071BF4DD690069C0DE /* Resources */ = {
			isa = PBXResourcesBuildPhase;
			buildActionMask = 2147483647;
			files = (
				5663E1171BF4DD690069C0DE /* LaunchScreen.storyboard in Resources */,
				5663E1141BF4DD690069C0DE /* Assets.xcassets in Resources */,
				56320EC01BFCB06F0076CB7A /* FontAwesome.otf in Resources */,
				5663E1121BF4DD690069C0DE /* Main.storyboard in Resources */,
			);
			runOnlyForDeploymentPostprocessing = 0;
		};
		5663E11B1BF4DD690069C0DE /* Resources */ = {
			isa = PBXResourcesBuildPhase;
			buildActionMask = 2147483647;
			files = (
			);
			runOnlyForDeploymentPostprocessing = 0;
		};
		5663E1261BF4DD690069C0DE /* Resources */ = {
			isa = PBXResourcesBuildPhase;
			buildActionMask = 2147483647;
			files = (
			);
			runOnlyForDeploymentPostprocessing = 0;
		};
/* End PBXResourcesBuildPhase section */

/* Begin PBXSourcesBuildPhase section */
		5663E1051BF4DD690069C0DE /* Sources */ = {
			isa = PBXSourcesBuildPhase;
			buildActionMask = 2147483647;
			files = (
				56DA40261BF77E9700FB65D5 /* DLHamburguerViewController.swift in Sources */,
				56C068801C0379840091D9E6 /* ComponentsViewController.swift in Sources */,
				5663E10F1BF4DD690069C0DE /* LoginViewController.swift in Sources */,
				56F2FCA91BFE0A4B00F7AC00 /* Enums.swift in Sources */,
				5613A1B91C0755FD00C3E096 /* SubmenuViewController.swift in Sources */,
				56C068841C0380B70091D9E6 /* GroupsViewController.swift in Sources */,
				56DA40251BF77E9700FB65D5 /* DLHamburguerNavigationController.swift in Sources */,
				56290B121BFA30360095BC3D /* SettingsListCell.swift in Sources */,
				56290B101BFA26B20095BC3D /* HistoryListCell.swift in Sources */,
				56290B0E1BFA24C00095BC3D /* HistoryViewController.swift in Sources */,
				56DA40241BF77E9700FB65D5 /* DLHamburguerContainerViewController.swift in Sources */,
				56EAD1991BFF338C00168CDC /* WeektableCollectionViewCell.swift in Sources */,
				56290B161BFA32C90095BC3D /* SettingsViewController.swift in Sources */,
				56290B1A1BFA37EF0095BC3D /* AutoscanSettingsTable.swift in Sources */,
				56290B141BFA31750095BC3D /* ScanHostViewController.swift in Sources */,
				56C068821C037A2F0091D9E6 /* ComponentsListCell.swift in Sources */,
				56DA40351BF79C1B00FB65D5 /* EAIndex.swift in Sources */,
				56DA40231BF77E9700FB65D5 /* RootViewController.swift in Sources */,
				56DA40221BF77E9700FB65D5 /* MenuViewController.swift in Sources */,
				563984F51C04B77000A5CA39 /* VulnerabilitiesViewController.swift in Sources */,
				5663E10D1BF4DD690069C0DE /* AppDelegate.swift in Sources */,
				563984F71C04B7D200A5CA39 /* VulnerabilityListCell.swift in Sources */,
				56320EBF1BFCB06F0076CB7A /* Enum.swift in Sources */,
				56320EC11BFCB06F0076CB7A /* FontAwesome.swift in Sources */,
				56DA402B1BF78B1D00FB65D5 /* HostListViewController.swift in Sources */,
				56E5C3151C084E5300417E6E /* IASettingsViewController.swift in Sources */,
				56C0687E1C032B080091D9E6 /* SheduleViewController.swift in Sources */,
				56290B0C1BF9FE3A0095BC3D /* IAIndexViewController.swift in Sources */,
				56C068881C03813E0091D9E6 /* GroupsListCell.swift in Sources */,
				5663E13E1BF4E2800069C0DE /* HostListCell.swift in Sources */,
			);
			runOnlyForDeploymentPostprocessing = 0;
		};
		5663E1191BF4DD690069C0DE /* Sources */ = {
			isa = PBXSourcesBuildPhase;
			buildActionMask = 2147483647;
			files = (
				5663E1221BF4DD690069C0DE /* Meerkat_Networks_ClientTests.swift in Sources */,
			);
			runOnlyForDeploymentPostprocessing = 0;
		};
		5663E1241BF4DD690069C0DE /* Sources */ = {
			isa = PBXSourcesBuildPhase;
			buildActionMask = 2147483647;
			files = (
				5663E12D1BF4DD690069C0DE /* Meerkat_Networks_ClientUITests.swift in Sources */,
			);
			runOnlyForDeploymentPostprocessing = 0;
		};
/* End PBXSourcesBuildPhase section */

/* Begin PBXTargetDependency section */
		5663E11F1BF4DD690069C0DE /* PBXTargetDependency */ = {
			isa = PBXTargetDependency;
			target = 5663E1081BF4DD690069C0DE /* Meerkat Networks Client */;
			targetProxy = 5663E11E1BF4DD690069C0DE /* PBXContainerItemProxy */;
		};
		5663E12A1BF4DD690069C0DE /* PBXTargetDependency */ = {
			isa = PBXTargetDependency;
			target = 5663E1081BF4DD690069C0DE /* Meerkat Networks Client */;
			targetProxy = 5663E1291BF4DD690069C0DE /* PBXContainerItemProxy */;
		};
/* End PBXTargetDependency section */

/* Begin PBXVariantGroup section */
		5663E1101BF4DD690069C0DE /* Main.storyboard */ = {
			isa = PBXVariantGroup;
			children = (
				5663E1111BF4DD690069C0DE /* Base */,
			);
			name = Main.storyboard;
			sourceTree = "<group>";
		};
		5663E1151BF4DD690069C0DE /* LaunchScreen.storyboard */ = {
			isa = PBXVariantGroup;
			children = (
				5663E1161BF4DD690069C0DE /* Base */,
			);
			name = LaunchScreen.storyboard;
			sourceTree = "<group>";
		};
/* End PBXVariantGroup section */

/* Begin XCBuildConfiguration section */
		5663E12F1BF4DD690069C0DE /* Debug */ = {
			isa = XCBuildConfiguration;
			buildSettings = {
				ALWAYS_SEARCH_USER_PATHS = NO;
				CLANG_CXX_LANGUAGE_STANDARD = "gnu++0x";
				CLANG_CXX_LIBRARY = "libc++";
				CLANG_ENABLE_MODULES = YES;
				CLANG_ENABLE_OBJC_ARC = YES;
				CLANG_WARN_BOOL_CONVERSION = YES;
				CLANG_WARN_CONSTANT_CONVERSION = YES;
				CLANG_WARN_DIRECT_OBJC_ISA_USAGE = YES_ERROR;
				CLANG_WARN_EMPTY_BODY = YES;
				CLANG_WARN_ENUM_CONVERSION = YES;
				CLANG_WARN_INT_CONVERSION = YES;
				CLANG_WARN_OBJC_ROOT_CLASS = YES_ERROR;
				CLANG_WARN_UNREACHABLE_CODE = YES;
				CLANG_WARN__DUPLICATE_METHOD_MATCH = YES;
				"CODE_SIGN_IDENTITY[sdk=iphoneos*]" = "iPhone Developer";
				COPY_PHASE_STRIP = NO;
				DEBUG_INFORMATION_FORMAT = dwarf;
				ENABLE_STRICT_OBJC_MSGSEND = YES;
				ENABLE_TESTABILITY = YES;
				GCC_C_LANGUAGE_STANDARD = gnu99;
				GCC_DYNAMIC_NO_PIC = NO;
				GCC_NO_COMMON_BLOCKS = YES;
				GCC_OPTIMIZATION_LEVEL = 0;
				GCC_PREPROCESSOR_DEFINITIONS = (
					"DEBUG=1",
					"$(inherited)",
				);
				GCC_WARN_64_TO_32_BIT_CONVERSION = YES;
				GCC_WARN_ABOUT_RETURN_TYPE = YES_ERROR;
				GCC_WARN_UNDECLARED_SELECTOR = YES;
				GCC_WARN_UNINITIALIZED_AUTOS = YES_AGGRESSIVE;
				GCC_WARN_UNUSED_FUNCTION = YES;
				GCC_WARN_UNUSED_VARIABLE = YES;
				IPHONEOS_DEPLOYMENT_TARGET = 9.1;
				MTL_ENABLE_DEBUG_INFO = YES;
				ONLY_ACTIVE_ARCH = YES;
				SDKROOT = iphoneos;
				SWIFT_OPTIMIZATION_LEVEL = "-Onone";
			};
			name = Debug;
		};
		5663E1301BF4DD690069C0DE /* Release */ = {
			isa = XCBuildConfiguration;
			buildSettings = {
				ALWAYS_SEARCH_USER_PATHS = NO;
				CLANG_CXX_LANGUAGE_STANDARD = "gnu++0x";
				CLANG_CXX_LIBRARY = "libc++";
				CLANG_ENABLE_MODULES = YES;
				CLANG_ENABLE_OBJC_ARC = YES;
				CLANG_WARN_BOOL_CONVERSION = YES;
				CLANG_WARN_CONSTANT_CONVERSION = YES;
				CLANG_WARN_DIRECT_OBJC_ISA_USAGE = YES_ERROR;
				CLANG_WARN_EMPTY_BODY = YES;
				CLANG_WARN_ENUM_CONVERSION = YES;
				CLANG_WARN_INT_CONVERSION = YES;
				CLANG_WARN_OBJC_ROOT_CLASS = YES_ERROR;
				CLANG_WARN_UNREACHABLE_CODE = YES;
				CLANG_WARN__DUPLICATE_METHOD_MATCH = YES;
				"CODE_SIGN_IDENTITY[sdk=iphoneos*]" = "iPhone Developer";
				COPY_PHASE_STRIP = NO;
				DEBUG_INFORMATION_FORMAT = "dwarf-with-dsym";
				ENABLE_NS_ASSERTIONS = NO;
				ENABLE_STRICT_OBJC_MSGSEND = YES;
				GCC_C_LANGUAGE_STANDARD = gnu99;
				GCC_NO_COMMON_BLOCKS = YES;
				GCC_WARN_64_TO_32_BIT_CONVERSION = YES;
				GCC_WARN_ABOUT_RETURN_TYPE = YES_ERROR;
				GCC_WARN_UNDECLARED_SELECTOR = YES;
				GCC_WARN_UNINITIALIZED_AUTOS = YES_AGGRESSIVE;
				GCC_WARN_UNUSED_FUNCTION = YES;
				GCC_WARN_UNUSED_VARIABLE = YES;
				IPHONEOS_DEPLOYMENT_TARGET = 9.1;
				MTL_ENABLE_DEBUG_INFO = NO;
				SDKROOT = iphoneos;
				VALIDATE_PRODUCT = YES;
			};
			name = Release;
		};
		5663E1321BF4DD690069C0DE /* Debug */ = {
			isa = XCBuildConfiguration;
			buildSettings = {
				ASSETCATALOG_COMPILER_APPICON_NAME = AppIcon;
				INFOPLIST_FILE = "Meerkat Networks Client/Info.plist";
				LD_RUNPATH_SEARCH_PATHS = "$(inherited) @executable_path/Frameworks";
				PRODUCT_BUNDLE_IDENTIFIER = "Meerkat-Networks.Meerkat-Networks-Client";
				PRODUCT_NAME = "$(TARGET_NAME)";
			};
			name = Debug;
		};
		5663E1331BF4DD690069C0DE /* Release */ = {
			isa = XCBuildConfiguration;
			buildSettings = {
				ASSETCATALOG_COMPILER_APPICON_NAME = AppIcon;
				INFOPLIST_FILE = "Meerkat Networks Client/Info.plist";
				LD_RUNPATH_SEARCH_PATHS = "$(inherited) @executable_path/Frameworks";
				PRODUCT_BUNDLE_IDENTIFIER = "Meerkat-Networks.Meerkat-Networks-Client";
				PRODUCT_NAME = "$(TARGET_NAME)";
			};
			name = Release;
		};
		5663E1351BF4DD690069C0DE /* Debug */ = {
			isa = XCBuildConfiguration;
			buildSettings = {
				BUNDLE_LOADER = "$(TEST_HOST)";
				INFOPLIST_FILE = "Meerkat Networks ClientTests/Info.plist";
				LD_RUNPATH_SEARCH_PATHS = "$(inherited) @executable_path/Frameworks @loader_path/Frameworks";
				PRODUCT_BUNDLE_IDENTIFIER = "Meerkat-Networks.Meerkat-Networks-ClientTests";
				PRODUCT_NAME = "$(TARGET_NAME)";
				TEST_HOST = "$(BUILT_PRODUCTS_DIR)/Meerkat Networks Client.app/Meerkat Networks Client";
			};
			name = Debug;
		};
		5663E1361BF4DD690069C0DE /* Release */ = {
			isa = XCBuildConfiguration;
			buildSettings = {
				BUNDLE_LOADER = "$(TEST_HOST)";
				INFOPLIST_FILE = "Meerkat Networks ClientTests/Info.plist";
				LD_RUNPATH_SEARCH_PATHS = "$(inherited) @executable_path/Frameworks @loader_path/Frameworks";
				PRODUCT_BUNDLE_IDENTIFIER = "Meerkat-Networks.Meerkat-Networks-ClientTests";
				PRODUCT_NAME = "$(TARGET_NAME)";
				TEST_HOST = "$(BUILT_PRODUCTS_DIR)/Meerkat Networks Client.app/Meerkat Networks Client";
			};
			name = Release;
		};
		5663E1381BF4DD690069C0DE /* Debug */ = {
			isa = XCBuildConfiguration;
			buildSettings = {
				INFOPLIST_FILE = "Meerkat Networks ClientUITests/Info.plist";
				LD_RUNPATH_SEARCH_PATHS = "$(inherited) @executable_path/Frameworks @loader_path/Frameworks";
				PRODUCT_BUNDLE_IDENTIFIER = "Meerkat-Networks.Meerkat-Networks-ClientUITests";
				PRODUCT_NAME = "$(TARGET_NAME)";
				TEST_TARGET_NAME = "Meerkat Networks Client";
				USES_XCTRUNNER = YES;
			};
			name = Debug;
		};
		5663E1391BF4DD690069C0DE /* Release */ = {
			isa = XCBuildConfiguration;
			buildSettings = {
				INFOPLIST_FILE = "Meerkat Networks ClientUITests/Info.plist";
				LD_RUNPATH_SEARCH_PATHS = "$(inherited) @executable_path/Frameworks @loader_path/Frameworks";
				PRODUCT_BUNDLE_IDENTIFIER = "Meerkat-Networks.Meerkat-Networks-ClientUITests";
				PRODUCT_NAME = "$(TARGET_NAME)";
				TEST_TARGET_NAME = "Meerkat Networks Client";
				USES_XCTRUNNER = YES;
			};
			name = Release;
		};
/* End XCBuildConfiguration section */

/* Begin XCConfigurationList section */
		5663E1041BF4DD690069C0DE /* Build configuration list for PBXProject "Meerkat Networks Client" */ = {
			isa = XCConfigurationList;
			buildConfigurations = (
				5663E12F1BF4DD690069C0DE /* Debug */,
				5663E1301BF4DD690069C0DE /* Release */,
			);
			defaultConfigurationIsVisible = 0;
			defaultConfigurationName = Release;
		};
		5663E1311BF4DD690069C0DE /* Build configuration list for PBXNativeTarget "Meerkat Networks Client" */ = {
			isa = XCConfigurationList;
			buildConfigurations = (
				5663E1321BF4DD690069C0DE /* Debug */,
				5663E1331BF4DD690069C0DE /* Release */,
			);
			defaultConfigurationIsVisible = 0;
			defaultConfigurationName = Release;
		};
		5663E1341BF4DD690069C0DE /* Build configuration list for PBXNativeTarget "Meerkat Networks ClientTests" */ = {
			isa = XCConfigurationList;
			buildConfigurations = (
				5663E1351BF4DD690069C0DE /* Debug */,
				5663E1361BF4DD690069C0DE /* Release */,
			);
			defaultConfigurationIsVisible = 0;
			defaultConfigurationName = Release;
		};
		5663E1371BF4DD690069C0DE /* Build configuration list for PBXNativeTarget "Meerkat Networks ClientUITests" */ = {
			isa = XCConfigurationList;
			buildConfigurations = (
				5663E1381BF4DD690069C0DE /* Debug */,
				5663E1391BF4DD690069C0DE /* Release */,
			);
			defaultConfigurationIsVisible = 0;
			defaultConfigurationName = Release;
		};
/* End XCConfigurationList section */
	};
	rootObject = 5663E1011BF4DD690069C0DE /* Project object */;
}
